
Microsoft Visual Studio Solution File, Format Version 12.00
# Visual Studio Version 17
VisualStudioVersion = 17.6.33829.357
MinimumVisualStudioVersion = 10.0.40219.1
Project("{FAE04EC0-301F-11D3-BF4B-00C04F79EFBC}") = "MFAnalytics.Application", "MFAnalytics.Application\MFAnalytics.Application.csproj", "{2ED56214-3A13-4307-BA84-24C2B7221339}"
EndProject
Global
	GlobalSection(SolutionConfigurationPlatforms) = preSolution
		Debug|Any CPU = Debug|Any CPU
		Release|Any CPU = Release|Any CPU
	EndGlobalSection
	GlobalSection(ProjectConfigurationPlatforms) = postSolution
		{2ED56214-3A13-4307-BA84-24C2B7221339}.Debug|Any CPU.ActiveCfg = Debug|Any CPU
		{2ED56214-3A13-4307-BA84-24C2B7221339}.Debug|Any CPU.Build.0 = Debug|Any CPU
		{2ED56214-3A13-4307-BA84-24C2B7221339}.Release|Any CPU.ActiveCfg = Release|Any CPU
		{2ED56214-3A13-4307-BA84-24C2B7221339}.Release|Any CPU.Build.0 = Release|Any CPU
	EndGlobalSection
	GlobalSection(SolutionProperties) = preSolution
		HideSolutionNode = FALSE
	EndGlobalSection
	GlobalSection(ExtensibilityGlobals) = postSolution
		SolutionGuid = {795DB5A0-0942-4D92-8FCB-06949C61F3DF}
	EndGlobalSection
EndGlobal
